
Microsoft Visual Studio Solution File, Format Version 12.00
# Visual Studio Version 16
VisualStudioVersion = 16.0.31025.194
MinimumVisualStudioVersion = 10.0.40219.1
Project("{FAE04EC0-301F-11D3-BF4B-00C04F79EFBC}") = "UserRegistration", "UserRegistration\UserRegistration.csproj", "{E743622D-A6D1-40CD-AF6E-67F3E7CE51DC}"
EndProject
Global
	GlobalSection(SolutionConfigurationPlatforms) = preSolution
		Debug|Any CPU = Debug|Any CPU
		Release|Any CPU = Release|Any CPU
	EndGlobalSection
	GlobalSection(ProjectConfigurationPlatforms) = postSolution
		{E743622D-A6D1-40CD-AF6E-67F3E7CE51DC}.Debug|Any CPU.ActiveCfg = Debug|Any CPU
		{E743622D-A6D1-40CD-AF6E-67F3E7CE51DC}.Debug|Any CPU.Build.0 = Debug|Any CPU
		{E743622D-A6D1-40CD-AF6E-67F3E7CE51DC}.Release|Any CPU.ActiveCfg = Release|Any CPU
		{E743622D-A6D1-40CD-AF6E-67F3E7CE51DC}.Release|Any CPU.Build.0 = Release|Any CPU
	EndGlobalSection
	GlobalSection(SolutionProperties) = preSolution
		HideSolutionNode = FALSE
	EndGlobalSection
	GlobalSection(ExtensibilityGlobals) = postSolution
		SolutionGuid = {319A811B-25F9-4E3E-944F-E79537CDD661}
	EndGlobalSection
EndGlobal
